{
    "_readme": [
        "This file locks the dependencies of your project to a known state",
        "Read more about it at https://getcomposer.org/doc/01-basic-usage.md#composer-lock-the-lock-file",
        "This file is @generated automatically"
    ],
    "content-hash": "a0d2b6c8c16534e8be69ad33eb5b7a6b",
    "packages": [
        {
            "name": "bower-asset/aceadmin",
            "version": "1.1.1",
            "source": {
                "type": "git",
                "url": "https://github.com/perpel/bower-ace.git",
                "reference": "f299dd0b9920ca6a260812ad32418c07ec5b060c"
            },
            "dist": {
                "type": "zip",
                "url": "https://api.github.com/repos/perpel/bower-ace/zipball/f299dd0b9920ca6a260812ad32418c07ec5b060c",
                "reference": "f299dd0b9920ca6a260812ad32418c07ec5b060c",
                "shasum": ""
            },
            "type": "bower-asset-library"
        },
        {
            "name": "bower-asset/jquery-zclip",
            "version": "v1.1.5",
            "source": {
                "type": "git",
                "url": "https://github.com/patricklodder/jquery-zclip.git",
                "reference": "39e8f553a29006aa91fe1b7c5d0d7f559276e180"
            },
            "dist": {
                "type": "zip",
                "url": "https://api.github.com/repos/patricklodder/jquery-zclip/zipball/39e8f553a29006aa91fe1b7c5d0d7f559276e180",
                "reference": "39e8f553a29006aa91fe1b7c5d0d7f559276e180",
                "shasum": ""
            },
            "type": "bower-asset-library",
            "extra": {
                "bower-asset-main": [
                    "./jquery.zclip.js",
                    "./ZeroClipboard.swf"
                ]
            },
            "license": [
                "https://github.com/patricklodder/jquery-zclip/blob/master/LICENSE"
            ],
            "description": "JQuery wrapper library for ZeroClipboard. Provides an easy way to copy text to the clipboard using an invisible Adobe Flash movie.",
            "keywords": [
                "clip",
                "clipboard",
                "clippy",
                "copy",
                "cut",
                "flash",
                "jquery",
                "paste",
                "zclip",
                "zeroclipboard"
            ],
            "time": "2014-08-30T13:12:30+00:00"
        }
    ],
    "packages-dev": [],
    "aliases": [],
    "minimum-stability": "stable",
    "stability-flags": [],
    "prefer-stable": false,
    "prefer-lowest": false,
    "platform": [],
    "platform-dev": []
}
